
Microsoft Visual Studio Solution File, Format Version 12.00
# Visual Studio Version 16
VisualStudioVersion = 16.0.30517.126
MinimumVisualStudioVersion = 10.0.40219.1
Project("{FAE04EC0-301F-11D3-BF4B-00C04F79EFBC}") = "RoundMouseChecker", "RoundMouseChecker\RoundMouseChecker.csproj", "{347BA304-FF04-446D-BFEE-889F5D0CCD79}"
EndProject
Global
	GlobalSection(SolutionConfigurationPlatforms) = preSolution
		Debug|Any CPU = Debug|Any CPU
		Release|Any CPU = Release|Any CPU
	EndGlobalSection
	GlobalSection(ProjectConfigurationPlatforms) = postSolution
		{347BA304-FF04-446D-BFEE-889F5D0CCD79}.Debug|Any CPU.ActiveCfg = Debug|Any CPU
		{347BA304-FF04-446D-BFEE-889F5D0CCD79}.Debug|Any CPU.Build.0 = Debug|Any CPU
		{347BA304-FF04-446D-BFEE-889F5D0CCD79}.Release|Any CPU.ActiveCfg = Release|Any CPU
		{347BA304-FF04-446D-BFEE-889F5D0CCD79}.Release|Any CPU.Build.0 = Release|Any CPU
	EndGlobalSection
	GlobalSection(SolutionProperties) = preSolution
		HideSolutionNode = FALSE
	EndGlobalSection
	GlobalSection(ExtensibilityGlobals) = postSolution
		SolutionGuid = {B17B8785-AE01-45F7-8FA4-336305949D45}
	EndGlobalSection
EndGlobal
